
Microsoft Visual Studio Solution File, Format Version 12.00
# Visual Studio Version 16
VisualStudioVersion = 16.0.28606.126
MinimumVisualStudioVersion = 10.0.40219.1
Project("{9A19103F-16F7-4668-BE54-9A1E7A4F7556}") = "CSharpWars.Web.Api", "CSharpWars.Web.Api\CSharpWars.Web.Api.csproj", "{4D972B89-AFB8-4A8D-8293-344D2B4A1A06}"
EndProject
Project("{9A19103F-16F7-4668-BE54-9A1E7A4F7556}") = "CSharpWars.Model", "CSharpWars.Model\CSharpWars.Model.csproj", "{E195A5F0-004C-4697-B501-A771A044B922}"
EndProject
Project("{9A19103F-16F7-4668-BE54-9A1E7A4F7556}") = "CSharpWars.DataAccess", "CSharpWars.DataAccess\CSharpWars.DataAccess.csproj", "{E26FF6BA-C8A5-4D70-8155-28BEAC4A694A}"
EndProject
Project("{9A19103F-16F7-4668-BE54-9A1E7A4F7556}") = "CSharpWars.Common", "CSharpWars.Common\CSharpWars.Common.csproj", "{AA560026-8A54-4DFB-9DD7-6F269EAA3139}"
EndProject
Project("{9A19103F-16F7-4668-BE54-9A1E7A4F7556}") = "CSharpWars.Logic", "CSharpWars.Logic\CSharpWars.Logic.csproj", "{AFBD24C9-8305-4713-B695-0CCB0E0106E4}"
EndProject
Project("{2150E333-8FDC-42A3-9474-1A3956D46DE8}") = "0. Solution Items", "0. Solution Items", "{39D4545D-31B2-4E7B-8A78-A5DBF4205949}"
EndProject
Project("{2150E333-8FDC-42A3-9474-1A3956D46DE8}") = "1. Web API", "1. Web API", "{3617C864-3E81-488C-95CF-87D548239619}"
EndProject
Project("{2150E333-8FDC-42A3-9474-1A3956D46DE8}") = "2. Web UI", "2. Web UI", "{CAD9E77B-3C2D-46EF-B792-48A64D4872A0}"
EndProject
Project("{2150E333-8FDC-42A3-9474-1A3956D46DE8}") = "3. Processing Middleware", "3. Processing Middleware", "{D9E69A62-2FED-4C1B-93FC-6339D57255FC}"
EndProject
Project("{2150E333-8FDC-42A3-9474-1A3956D46DE8}") = "4. Logic", "4. Logic", "{58AC8CCB-EB39-45D7-89BC-DF5FCC30BCA2}"
EndProject
Project("{2150E333-8FDC-42A3-9474-1A3956D46DE8}") = "5. Data Access", "5. Data Access", "{63771A09-7523-4CB4-903B-8ED883F35E04}"
EndProject
Project("{2150E333-8FDC-42A3-9474-1A3956D46DE8}") = "7. Common", "7. Common", "{6509E698-4905-4650-AACA-53BA4843F4D1}"
EndProject
Project("{2150E333-8FDC-42A3-9474-1A3956D46DE8}") = "9. Testing", "9. Testing", "{0A98A61E-627A-404C-AF36-BE45C686FDA8}"
EndProject
Project("{2150E333-8FDC-42A3-9474-1A3956D46DE8}") = "6. Data Model", "6. Data Model", "{EAB57015-4DAC-4B95-97A9-365B4948787A}"
EndProject
Project("{9A19103F-16F7-4668-BE54-9A1E7A4F7556}") = "CSharpWars.DtoModel", "CSharpWars.DtoModel\CSharpWars.DtoModel.csproj", "{1F0C74A3-1263-4B7B-AD92-962CC54E2D24}"
EndProject
Project("{9A19103F-16F7-4668-BE54-9A1E7A4F7556}") = "CSharpWars.Mapping", "CSharpWars.Mapping\CSharpWars.Mapping.csproj", "{C7BFA184-8B1C-4070-9657-223B2F31CCAC}"
EndProject
Project("{9A19103F-16F7-4668-BE54-9A1E7A4F7556}") = "CSharpWars.Scripting", "CSharpWars.Scripting\CSharpWars.Scripting.csproj", "{96657273-AC9B-46E4-A846-5EDDD5E82E36}"
EndProject
Project("{9A19103F-16F7-4668-BE54-9A1E7A4F7556}") = "CSharpWars.Enums", "CSharpWars.Enums\CSharpWars.Enums.csproj", "{E80E719C-47BD-4D7B-9039-7057F1E96EC9}"
EndProject
Project("{9A19103F-16F7-4668-BE54-9A1E7A4F7556}") = "CSharpWars.Tests", "CSharpWars.Tests\CSharpWars.Tests.csproj", "{C4701F70-97DD-4C4B-A351-4BB45D6F6941}"
EndProject
Project("{9A19103F-16F7-4668-BE54-9A1E7A4F7556}") = "CSharpWars.Tests.Framework", "CSharpWars.Tests.Framework\CSharpWars.Tests.Framework.csproj", "{98C91621-2820-4F3B-8FFC-0D1D4E1447A3}"
EndProject
Project("{9A19103F-16F7-4668-BE54-9A1E7A4F7556}") = "CSharpWars.Web", "CSharpWars.Web\CSharpWars.Web.csproj", "{3A8F2AB7-E4B0-4F01-9101-CB6B115DA525}"
EndProject
Project("{9A19103F-16F7-4668-BE54-9A1E7A4F7556}") = "CSharpWars.Logging", "CSharpWars.Logging\CSharpWars.Logging.csproj", "{C27FA583-27A3-4D3C-A756-DF743FD296FB}"
EndProject
Project("{9A19103F-16F7-4668-BE54-9A1E7A4F7556}") = "CSharpWars.Web.Api.Validation", "CSharpWars.Web.Api.Validation\CSharpWars.Web.Api.Validation.csproj", "{A92F23AE-C338-4E5E-9C51-5B6812F12550}"
EndProject
Project("{FAE04EC0-301F-11D3-BF4B-00C04F79EFBC}") = "CSharpWars.Processor", "CSharpWars.Processor\CSharpWars.Processor.csproj", "{0B575F99-A979-4BD2-AFF3-2B3E82E077B6}"
EndProject
Global
	GlobalSection(SolutionConfigurationPlatforms) = preSolution
		Debug|Any CPU = Debug|Any CPU
		Release|Any CPU = Release|Any CPU
	EndGlobalSection
	GlobalSection(ProjectConfigurationPlatforms) = postSolution
		{4D972B89-AFB8-4A8D-8293-344D2B4A1A06}.Debug|Any CPU.ActiveCfg = Debug|Any CPU
		{4D972B89-AFB8-4A8D-8293-344D2B4A1A06}.Debug|Any CPU.Build.0 = Debug|Any CPU
		{4D972B89-AFB8-4A8D-8293-344D2B4A1A06}.Release|Any CPU.ActiveCfg = Release|Any CPU
		{4D972B89-AFB8-4A8D-8293-344D2B4A1A06}.Release|Any CPU.Build.0 = Release|Any CPU
		{E195A5F0-004C-4697-B501-A771A044B922}.Debug|Any CPU.ActiveCfg = Debug|Any CPU
		{E195A5F0-004C-4697-B501-A771A044B922}.Debug|Any CPU.Build.0 = Debug|Any CPU
		{E195A5F0-004C-4697-B501-A771A044B922}.Release|Any CPU.ActiveCfg = Release|Any CPU
		{E195A5F0-004C-4697-B501-A771A044B922}.Release|Any CPU.Build.0 = Release|Any CPU
		{E26FF6BA-C8A5-4D70-8155-28BEAC4A694A}.Debug|Any CPU.ActiveCfg = Debug|Any CPU
		{E26FF6BA-C8A5-4D70-8155-28BEAC4A694A}.Debug|Any CPU.Build.0 = Debug|Any CPU
		{E26FF6BA-C8A5-4D70-8155-28BEAC4A694A}.Release|Any CPU.ActiveCfg = Release|Any CPU
		{E26FF6BA-C8A5-4D70-8155-28BEAC4A694A}.Release|Any CPU.Build.0 = Release|Any CPU
		{AA560026-8A54-4DFB-9DD7-6F269EAA3139}.Debug|Any CPU.ActiveCfg = Debug|Any CPU
		{AA560026-8A54-4DFB-9DD7-6F269EAA3139}.Debug|Any CPU.Build.0 = Debug|Any CPU
		{AA560026-8A54-4DFB-9DD7-6F269EAA3139}.Release|Any CPU.ActiveCfg = Release|Any CPU
		{AA560026-8A54-4DFB-9DD7-6F269EAA3139}.Release|Any CPU.Build.0 = Release|Any CPU
		{AFBD24C9-8305-4713-B695-0CCB0E0106E4}.Debug|Any CPU.ActiveCfg = Debug|Any CPU
		{AFBD24C9-8305-4713-B695-0CCB0E0106E4}.Debug|Any CPU.Build.0 = Debug|Any CPU
		{AFBD24C9-8305-4713-B695-0CCB0E0106E4}.Release|Any CPU.ActiveCfg = Release|Any CPU
		{AFBD24C9-8305-4713-B695-0CCB0E0106E4}.Release|Any CPU.Build.0 = Release|Any CPU
		{1F0C74A3-1263-4B7B-AD92-962CC54E2D24}.Debug|Any CPU.ActiveCfg = Debug|Any CPU
		{1F0C74A3-1263-4B7B-AD92-962CC54E2D24}.Debug|Any CPU.Build.0 = Debug|Any CPU
		{1F0C74A3-1263-4B7B-AD92-962CC54E2D24}.Release|Any CPU.ActiveCfg = Release|Any CPU
		{1F0C74A3-1263-4B7B-AD92-962CC54E2D24}.Release|Any CPU.Build.0 = Release|Any CPU
		{C7BFA184-8B1C-4070-9657-223B2F31CCAC}.Debug|Any CPU.ActiveCfg = Debug|Any CPU
		{C7BFA184-8B1C-4070-9657-223B2F31CCAC}.Debug|Any CPU.Build.0 = Debug|Any CPU
		{C7BFA184-8B1C-4070-9657-223B2F31CCAC}.Release|Any CPU.ActiveCfg = Release|Any CPU
		{C7BFA184-8B1C-4070-9657-223B2F31CCAC}.Release|Any CPU.Build.0 = Release|Any CPU
		{96657273-AC9B-46E4-A846-5EDDD5E82E36}.Debug|Any CPU.ActiveCfg = Debug|Any CPU
		{96657273-AC9B-46E4-A846-5EDDD5E82E36}.Debug|Any CPU.Build.0 = Debug|Any CPU
		{96657273-AC9B-46E4-A846-5EDDD5E82E36}.Release|Any CPU.ActiveCfg = Release|Any CPU
		{96657273-AC9B-46E4-A846-5EDDD5E82E36}.Release|Any CPU.Build.0 = Release|Any CPU
		{E80E719C-47BD-4D7B-9039-7057F1E96EC9}.Debug|Any CPU.ActiveCfg = Debug|Any CPU
		{E80E719C-47BD-4D7B-9039-7057F1E96EC9}.Debug|Any CPU.Build.0 = Debug|Any CPU
		{E80E719C-47BD-4D7B-9039-7057F1E96EC9}.Release|Any CPU.ActiveCfg = Release|Any CPU
		{E80E719C-47BD-4D7B-9039-7057F1E96EC9}.Release|Any CPU.Build.0 = Release|Any CPU
		{C4701F70-97DD-4C4B-A351-4BB45D6F6941}.Debug|Any CPU.ActiveCfg = Debug|Any CPU
		{C4701F70-97DD-4C4B-A351-4BB45D6F6941}.Debug|Any CPU.Build.0 = Debug|Any CPU
		{C4701F70-97DD-4C4B-A351-4BB45D6F6941}.Release|Any CPU.ActiveCfg = Release|Any CPU
		{C4701F70-97DD-4C4B-A351-4BB45D6F6941}.Release|Any CPU.Build.0 = Release|Any CPU
		{98C91621-2820-4F3B-8FFC-0D1D4E1447A3}.Debug|Any CPU.ActiveCfg = Debug|Any CPU
		{98C91621-2820-4F3B-8FFC-0D1D4E1447A3}.Debug|Any CPU.Build.0 = Debug|Any CPU
		{98C91621-2820-4F3B-8FFC-0D1D4E1447A3}.Release|Any CPU.ActiveCfg = Release|Any CPU
		{98C91621-2820-4F3B-8FFC-0D1D4E1447A3}.Release|Any CPU.Build.0 = Release|Any CPU
		{3A8F2AB7-E4B0-4F01-9101-CB6B115DA525}.Debug|Any CPU.ActiveCfg = Debug|Any CPU
		{3A8F2AB7-E4B0-4F01-9101-CB6B115DA525}.Debug|Any CPU.Build.0 = Debug|Any CPU
		{3A8F2AB7-E4B0-4F01-9101-CB6B115DA525}.Release|Any CPU.ActiveCfg = Release|Any CPU
		{3A8F2AB7-E4B0-4F01-9101-CB6B115DA525}.Release|Any CPU.Build.0 = Release|Any CPU
		{C27FA583-27A3-4D3C-A756-DF743FD296FB}.Debug|Any CPU.ActiveCfg = Debug|Any CPU
		{C27FA583-27A3-4D3C-A756-DF743FD296FB}.Debug|Any CPU.Build.0 = Debug|Any CPU
		{C27FA583-27A3-4D3C-A756-DF743FD296FB}.Release|Any CPU.ActiveCfg = Release|Any CPU
		{C27FA583-27A3-4D3C-A756-DF743FD296FB}.Release|Any CPU.Build.0 = Release|Any CPU
		{A92F23AE-C338-4E5E-9C51-5B6812F12550}.Debug|Any CPU.ActiveCfg = Debug|Any CPU
		{A92F23AE-C338-4E5E-9C51-5B6812F12550}.Debug|Any CPU.Build.0 = Debug|Any CPU
		{A92F23AE-C338-4E5E-9C51-5B6812F12550}.Release|Any CPU.ActiveCfg = Release|Any CPU
		{A92F23AE-C338-4E5E-9C51-5B6812F12550}.Release|Any CPU.Build.0 = Release|Any CPU
		{0B575F99-A979-4BD2-AFF3-2B3E82E077B6}.Debug|Any CPU.ActiveCfg = Debug|Any CPU
		{0B575F99-A979-4BD2-AFF3-2B3E82E077B6}.Debug|Any CPU.Build.0 = Debug|Any CPU
		{0B575F99-A979-4BD2-AFF3-2B3E82E077B6}.Release|Any CPU.ActiveCfg = Release|Any CPU
		{0B575F99-A979-4BD2-AFF3-2B3E82E077B6}.Release|Any CPU.Build.0 = Release|Any CPU
	EndGlobalSection
	GlobalSection(SolutionProperties) = preSolution
		HideSolutionNode = FALSE
	EndGlobalSection
	GlobalSection(NestedProjects) = preSolution
		{4D972B89-AFB8-4A8D-8293-344D2B4A1A06} = {3617C864-3E81-488C-95CF-87D548239619}
		{E195A5F0-004C-4697-B501-A771A044B922} = {EAB57015-4DAC-4B95-97A9-365B4948787A}
		{E26FF6BA-C8A5-4D70-8155-28BEAC4A694A} = {63771A09-7523-4CB4-903B-8ED883F35E04}
		{AA560026-8A54-4DFB-9DD7-6F269EAA3139} = {6509E698-4905-4650-AACA-53BA4843F4D1}
		{AFBD24C9-8305-4713-B695-0CCB0E0106E4} = {58AC8CCB-EB39-45D7-89BC-DF5FCC30BCA2}
		{1F0C74A3-1263-4B7B-AD92-962CC54E2D24} = {EAB57015-4DAC-4B95-97A9-365B4948787A}
		{C7BFA184-8B1C-4070-9657-223B2F31CCAC} = {58AC8CCB-EB39-45D7-89BC-DF5FCC30BCA2}
		{96657273-AC9B-46E4-A846-5EDDD5E82E36} = {D9E69A62-2FED-4C1B-93FC-6339D57255FC}
		{E80E719C-47BD-4D7B-9039-7057F1E96EC9} = {EAB57015-4DAC-4B95-97A9-365B4948787A}
		{C4701F70-97DD-4C4B-A351-4BB45D6F6941} = {0A98A61E-627A-404C-AF36-BE45C686FDA8}
		{98C91621-2820-4F3B-8FFC-0D1D4E1447A3} = {0A98A61E-627A-404C-AF36-BE45C686FDA8}
		{3A8F2AB7-E4B0-4F01-9101-CB6B115DA525} = {CAD9E77B-3C2D-46EF-B792-48A64D4872A0}
		{C27FA583-27A3-4D3C-A756-DF743FD296FB} = {6509E698-4905-4650-AACA-53BA4843F4D1}
		{A92F23AE-C338-4E5E-9C51-5B6812F12550} = {3617C864-3E81-488C-95CF-87D548239619}
		{0B575F99-A979-4BD2-AFF3-2B3E82E077B6} = {D9E69A62-2FED-4C1B-93FC-6339D57255FC}
	EndGlobalSection
	GlobalSection(ExtensibilityGlobals) = postSolution
		SolutionGuid = {0E06EEE3-AA5D-461B-89D6-B7A76FD4DA45}
	EndGlobalSection
EndGlobal
