
Microsoft Visual Studio Solution File, Format Version 12.00
# Visual Studio 15
Project("{FAE04EC0-301F-11D3-BF4B-00C04F79EFBC}") = "Assembly-CSharp", "Assembly-CSharp.csproj", "{AC43828C-4726-1D09-EA9C-FDDA746001D4}"
EndProject
Project("{FAE04EC0-301F-11D3-BF4B-00C04F79EFBC}") = "Assembly-CSharp-firstpass", "Assembly-CSharp-firstpass.csproj", "{A1D5C983-BCC8-CD21-5F2B-B3E210307BA9}"
EndProject
Global
	GlobalSection(SolutionConfigurationPlatforms) = preSolution
		Debug|Any CPU = Debug|Any CPU
		Release|Any CPU = Release|Any CPU
	EndGlobalSection
	GlobalSection(ProjectConfigurationPlatforms) = postSolution
		{AC43828C-4726-1D09-EA9C-FDDA746001D4}.Debug|Any CPU.ActiveCfg = Debug|Any CPU
		{AC43828C-4726-1D09-EA9C-FDDA746001D4}.Debug|Any CPU.Build.0 = Debug|Any CPU
		{AC43828C-4726-1D09-EA9C-FDDA746001D4}.Release|Any CPU.ActiveCfg = Release|Any CPU
		{AC43828C-4726-1D09-EA9C-FDDA746001D4}.Release|Any CPU.Build.0 = Release|Any CPU
		{A1D5C983-BCC8-CD21-5F2B-B3E210307BA9}.Debug|Any CPU.ActiveCfg = Debug|Any CPU
		{A1D5C983-BCC8-CD21-5F2B-B3E210307BA9}.Debug|Any CPU.Build.0 = Debug|Any CPU
		{A1D5C983-BCC8-CD21-5F2B-B3E210307BA9}.Release|Any CPU.ActiveCfg = Release|Any CPU
		{A1D5C983-BCC8-CD21-5F2B-B3E210307BA9}.Release|Any CPU.Build.0 = Release|Any CPU
	EndGlobalSection
	GlobalSection(SolutionProperties) = preSolution
		HideSolutionNode = FALSE
	EndGlobalSection
EndGlobal
